
Microsoft Visual Studio Solution File, Format Version 12.00
# Visual Studio Version 17
VisualStudioVersion = 17.6.33723.286
MinimumVisualStudioVersion = 10.0.40219.1
Project("{FAE04EC0-301F-11D3-BF4B-00C04F79EFBC}") = "BarSplitterMVC", "BarSplitterMVC.csproj", "{F8A2518F-0BB4-4062-B1C6-40F33E7DBC19}"
EndProject
Global
	GlobalSection(SolutionConfigurationPlatforms) = preSolution
		Debug|Any CPU = Debug|Any CPU
		Release|Any CPU = Release|Any CPU
	EndGlobalSection
	GlobalSection(ProjectConfigurationPlatforms) = postSolution
		{F8A2518F-0BB4-4062-B1C6-40F33E7DBC19}.Debug|Any CPU.ActiveCfg = Debug|Any CPU
		{F8A2518F-0BB4-4062-B1C6-40F33E7DBC19}.Debug|Any CPU.Build.0 = Debug|Any CPU
		{F8A2518F-0BB4-4062-B1C6-40F33E7DBC19}.Release|Any CPU.ActiveCfg = Release|Any CPU
		{F8A2518F-0BB4-4062-B1C6-40F33E7DBC19}.Release|Any CPU.Build.0 = Release|Any CPU
	EndGlobalSection
	GlobalSection(SolutionProperties) = preSolution
		HideSolutionNode = FALSE
	EndGlobalSection
	GlobalSection(ExtensibilityGlobals) = postSolution
		SolutionGuid = {B93A2FBC-D144-4804-B504-93EFCB0A108B}
	EndGlobalSection
EndGlobal
